
Microsoft Visual Studio Solution File, Format Version 12.00
# Visual Studio Version 17
VisualStudioVersion = 17.11.35312.102
MinimumVisualStudioVersion = 10.0.40219.1
Project("{FAE04EC0-301F-11D3-BF4B-00C04F79EFBC}") = "DealershipAudi", "DealershipAudi.csproj", "{C48670B7-58A9-40EE-838D-F00224625689}"
EndProject
Global
	GlobalSection(SolutionConfigurationPlatforms) = preSolution
		Debug|Any CPU = Debug|Any CPU
		Release|Any CPU = Release|Any CPU
	EndGlobalSection
	GlobalSection(ProjectConfigurationPlatforms) = postSolution
		{C48670B7-58A9-40EE-838D-F00224625689}.Debug|Any CPU.ActiveCfg = Debug|Any CPU
		{C48670B7-58A9-40EE-838D-F00224625689}.Debug|Any CPU.Build.0 = Debug|Any CPU
		{C48670B7-58A9-40EE-838D-F00224625689}.Release|Any CPU.ActiveCfg = Release|Any CPU
		{C48670B7-58A9-40EE-838D-F00224625689}.Release|Any CPU.Build.0 = Release|Any CPU
	EndGlobalSection
	GlobalSection(SolutionProperties) = preSolution
		HideSolutionNode = FALSE
	EndGlobalSection
	GlobalSection(ExtensibilityGlobals) = postSolution
		SolutionGuid = {8FB9CDB4-F543-4A45-8F9F-F149932E1339}
	EndGlobalSection
EndGlobal
